
Microsoft Visual Studio Solution File, Format Version 12.00
# Visual Studio Version 17
VisualStudioVersion = 17.6.33801.468
MinimumVisualStudioVersion = 10.0.40219.1
Project("{FAE04EC0-301F-11D3-BF4B-00C04F79EFBC}") = "Wordle", "Wordle.csproj", "{8F765FE7-B7D1-4F6F-A564-FC2628310625}"
EndProject
Global
	GlobalSection(SolutionConfigurationPlatforms) = preSolution
		Debug|Any CPU = Debug|Any CPU
		Release|Any CPU = Release|Any CPU
	EndGlobalSection
	GlobalSection(ProjectConfigurationPlatforms) = postSolution
		{8F765FE7-B7D1-4F6F-A564-FC2628310625}.Debug|Any CPU.ActiveCfg = Debug|Any CPU
		{8F765FE7-B7D1-4F6F-A564-FC2628310625}.Debug|Any CPU.Build.0 = Debug|Any CPU
		{8F765FE7-B7D1-4F6F-A564-FC2628310625}.Release|Any CPU.ActiveCfg = Release|Any CPU
		{8F765FE7-B7D1-4F6F-A564-FC2628310625}.Release|Any CPU.Build.0 = Release|Any CPU
	EndGlobalSection
	GlobalSection(SolutionProperties) = preSolution
		HideSolutionNode = FALSE
	EndGlobalSection
	GlobalSection(ExtensibilityGlobals) = postSolution
		SolutionGuid = {A8DD2A1E-3045-4CE1-A126-79EA9D577FAD}
	EndGlobalSection
EndGlobal
